# This file was autogenerated by Stack.
# You should not edit this file by hand.
# For more information, please see the documentation at:
#   https://docs.haskellstack.org/en/stable/lock_files

packages:
- completed:
    hackage: text-builder-0.6.5@sha256:76ab5353f823ca200af49bd5da4999187576443b7573530d0ba8a7797ec39199,4208
    pantry-tree:
      size: 542
      sha256: d07970461166bd258b927bb84acca185ae730d25bddb021a7c83fb33d6505960
  original:
    hackage: text-builder-0.6.5
- completed:
    hackage: deferred-folds-0.9.10@sha256:4c4b1b76a7d47e6fdb90f68c170c7651dc1c3e8d9bcc6370f1e375f93f26f31b,2926
    pantry-tree:
      size: 958
      sha256: 168f24c2b55ff8f1c9a804fb13e0de2329f547e86293cf0b83f63a7f8f993ab6
  original:
    hackage: deferred-folds-0.9.10
- completed:
    hackage: primitive-0.6.4.0@sha256:5b6a2c3cc70a35aabd4565fcb9bb1dd78fe2814a36e62428a9a1aae8c32441a1,2079
    pantry-tree:
      size: 1517
      sha256: 5d5e591311664886e88ade3da6880c32adf0d1fe80c55f40a3c93bb91df8fdeb
  original:
    hackage: primitive-0.6.4.0
- completed:
    hackage: select-0.4.0.1@sha256:d409315752a069693bdd4169fa9a8ea7777d814da77cd8604f367cf0741de295,2492
    pantry-tree:
      size: 1256
      sha256: b6ae36ccba2a7cdd1ad130575931364002682e532d7043da62771e58294ddb7a
  original:
    hackage: select-0.4.0.1
snapshots:
- completed:
    size: 498167
    url: https://raw.githubusercontent.com/commercialhaskell/stackage-snapshots/master/lts/13/20.yaml
    sha256: cda928d57b257a5f17bcad796843c9daa674fef47d600dbea3aa7b0e49d64a11
  original: lts-13.20
